
Microsoft Visual Studio Solution File, Format Version 12.00
# Visual Studio Version 16
VisualStudioVersion = 16.0.31729.503
MinimumVisualStudioVersion = 10.0.40219.1
Project("{FAE04EC0-301F-11D3-BF4B-00C04F79EFBC}") = "Capitulo10", "Capitulo10\Capitulo10.csproj", "{A40F571B-C1D8-493B-8D18-A8FBB63893CF}"
EndProject
Global
	GlobalSection(SolutionConfigurationPlatforms) = preSolution
		Debug|Any CPU = Debug|Any CPU
		Release|Any CPU = Release|Any CPU
	EndGlobalSection
	GlobalSection(ProjectConfigurationPlatforms) = postSolution
		{A40F571B-C1D8-493B-8D18-A8FBB63893CF}.Debug|Any CPU.ActiveCfg = Debug|Any CPU
		{A40F571B-C1D8-493B-8D18-A8FBB63893CF}.Debug|Any CPU.Build.0 = Debug|Any CPU
		{A40F571B-C1D8-493B-8D18-A8FBB63893CF}.Release|Any CPU.ActiveCfg = Release|Any CPU
		{A40F571B-C1D8-493B-8D18-A8FBB63893CF}.Release|Any CPU.Build.0 = Release|Any CPU
	EndGlobalSection
	GlobalSection(SolutionProperties) = preSolution
		HideSolutionNode = FALSE
	EndGlobalSection
	GlobalSection(ExtensibilityGlobals) = postSolution
		SolutionGuid = {83FC8F64-4FAD-41A8-BAA1-BD6FD6631664}
	EndGlobalSection
EndGlobal
