
Microsoft Visual Studio Solution File, Format Version 12.00
# Visual Studio Version 16
VisualStudioVersion = 16.0.31729.503
MinimumVisualStudioVersion = 10.0.40219.1
Project("{FAE04EC0-301F-11D3-BF4B-00C04F79EFBC}") = "Capitulo13", "Capitulo13\Capitulo13.csproj", "{771C884E-88E1-46C6-87C7-148F5BA0F553}"
EndProject
Global
	GlobalSection(SolutionConfigurationPlatforms) = preSolution
		Debug|Any CPU = Debug|Any CPU
		Release|Any CPU = Release|Any CPU
	EndGlobalSection
	GlobalSection(ProjectConfigurationPlatforms) = postSolution
		{771C884E-88E1-46C6-87C7-148F5BA0F553}.Debug|Any CPU.ActiveCfg = Debug|Any CPU
		{771C884E-88E1-46C6-87C7-148F5BA0F553}.Debug|Any CPU.Build.0 = Debug|Any CPU
		{771C884E-88E1-46C6-87C7-148F5BA0F553}.Release|Any CPU.ActiveCfg = Release|Any CPU
		{771C884E-88E1-46C6-87C7-148F5BA0F553}.Release|Any CPU.Build.0 = Release|Any CPU
	EndGlobalSection
	GlobalSection(SolutionProperties) = preSolution
		HideSolutionNode = FALSE
	EndGlobalSection
	GlobalSection(ExtensibilityGlobals) = postSolution
		SolutionGuid = {63748E8A-C179-40FB-820F-5F6AB024EB35}
	EndGlobalSection
EndGlobal
